
Microsoft Visual Studio Solution File, Format Version 12.00
# Visual Studio Version 17
VisualStudioVersion = 17.13.35931.197 d17.13
MinimumVisualStudioVersion = 10.0.40219.1
Project("{FAE04EC0-301F-11D3-BF4B-00C04F79EFBC}") = "PR8", "PR8\PR8.csproj", "{248ECF38-CBB0-46B7-88F2-54A6D1E9C59A}"
EndProject
Global
	GlobalSection(SolutionConfigurationPlatforms) = preSolution
		Debug|Any CPU = Debug|Any CPU
		Release|Any CPU = Release|Any CPU
	EndGlobalSection
	GlobalSection(ProjectConfigurationPlatforms) = postSolution
		{248ECF38-CBB0-46B7-88F2-54A6D1E9C59A}.Debug|Any CPU.ActiveCfg = Debug|Any CPU
		{248ECF38-CBB0-46B7-88F2-54A6D1E9C59A}.Debug|Any CPU.Build.0 = Debug|Any CPU
		{248ECF38-CBB0-46B7-88F2-54A6D1E9C59A}.Release|Any CPU.ActiveCfg = Release|Any CPU
		{248ECF38-CBB0-46B7-88F2-54A6D1E9C59A}.Release|Any CPU.Build.0 = Release|Any CPU
	EndGlobalSection
	GlobalSection(SolutionProperties) = preSolution
		HideSolutionNode = FALSE
	EndGlobalSection
	GlobalSection(ExtensibilityGlobals) = postSolution
		SolutionGuid = {86E8CC81-EF0F-437C-95B1-84428D5C0B90}
	EndGlobalSection
EndGlobal
